
Microsoft Visual Studio Solution File, Format Version 12.00
# Visual Studio Version 16
VisualStudioVersion = 16.0.31129.286
MinimumVisualStudioVersion = 10.0.40219.1
Project("{FAE04EC0-301F-11D3-BF4B-00C04F79EFBC}") = "DataVerse.Core", "DataVerse.Core\DataVerse.Core.csproj", "{FF9E3436-1E0F-4939-A62D-5DF286435FF8}"
EndProject
Project("{FAE04EC0-301F-11D3-BF4B-00C04F79EFBC}") = "DataVerse.Web", "DataVerse.Web\DataVerse.Web.csproj", "{55103004-D0A9-4875-9937-0F7BEE235967}"
EndProject
Global
	GlobalSection(SolutionConfigurationPlatforms) = preSolution
		Debug|Any CPU = Debug|Any CPU
		Release|Any CPU = Release|Any CPU
	EndGlobalSection
	GlobalSection(ProjectConfigurationPlatforms) = postSolution
		{FF9E3436-1E0F-4939-A62D-5DF286435FF8}.Debug|Any CPU.ActiveCfg = Debug|Any CPU
		{FF9E3436-1E0F-4939-A62D-5DF286435FF8}.Debug|Any CPU.Build.0 = Debug|Any CPU
		{FF9E3436-1E0F-4939-A62D-5DF286435FF8}.Release|Any CPU.ActiveCfg = Release|Any CPU
		{FF9E3436-1E0F-4939-A62D-5DF286435FF8}.Release|Any CPU.Build.0 = Release|Any CPU
		{55103004-D0A9-4875-9937-0F7BEE235967}.Debug|Any CPU.ActiveCfg = Debug|Any CPU
		{55103004-D0A9-4875-9937-0F7BEE235967}.Debug|Any CPU.Build.0 = Debug|Any CPU
		{55103004-D0A9-4875-9937-0F7BEE235967}.Release|Any CPU.ActiveCfg = Release|Any CPU
		{55103004-D0A9-4875-9937-0F7BEE235967}.Release|Any CPU.Build.0 = Release|Any CPU
	EndGlobalSection
	GlobalSection(SolutionProperties) = preSolution
		HideSolutionNode = FALSE
	EndGlobalSection
	GlobalSection(ExtensibilityGlobals) = postSolution
		SolutionGuid = {E5D97ACB-1ECE-4F4A-8C35-57C3DEF7B117}
	EndGlobalSection
EndGlobal
